// !$*UTF8*$!
{
	archiveVersion = 1;
	classes = {
	};
	objectVersion = 50;
	objects = {

/* Begin PBXBuildFile section */
		01419A8821EFE14000600DB9 /* AppDelegate.swift in Sources */ = {isa = PBXBuildFile; fileRef = 01419A8721EFE14000600DB9 /* AppDelegate.swift */; };
		01419A8A21EFE14000600DB9 /* WelcomeVC.swift in Sources */ = {isa = PBXBuildFile; fileRef = 01419A8921EFE14000600DB9 /* WelcomeVC.swift */; };
		01419A8D21EFE14000600DB9 /* Main.storyboard in Resources */ = {isa = PBXBuildFile; fileRef = 01419A8B21EFE14000600DB9 /* Main.storyboard */; };
		01419A8F21EFE14200600DB9 /* Assets.xcassets in Resources */ = {isa = PBXBuildFile; fileRef = 01419A8E21EFE14200600DB9 /* Assets.xcassets */; };
		01419A9221EFE14200600DB9 /* LaunchScreen.storyboard in Resources */ = {isa = PBXBuildFile; fileRef = 01419A9021EFE14200600DB9 /* LaunchScreen.storyboard */; };
		01419A9B21EFE71800600DB9 /* BorderButton.swift in Sources */ = {isa = PBXBuildFile; fileRef = 01419A9A21EFE71800600DB9 /* BorderButton.swift */; };
		01F371F421F78F7E004D2507 /* LeagueVC.swift in Sources */ = {isa = PBXBuildFile; fileRef = 01F371F321F78F7E004D2507 /* LeagueVC.swift */; };
		01F371F621F78F8C004D2507 /* SkillVC.swift in Sources */ = {isa = PBXBuildFile; fileRef = 01F371F521F78F8C004D2507 /* SkillVC.swift */; };
/* End PBXBuildFile section */

/* Begin PBXFileReference section */
		01419A8421EFE14000600DB9 /* app-swoosh-devslopes.app */ = {isa = PBXFileReference; explicitFileType = wrapper.application; includeInIndex = 0; path = "app-swoosh-devslopes.app"; sourceTree = BUILT_PRODUCTS_DIR; };
		01419A8721EFE14000600DB9 /* AppDelegate.swift */ = {isa = PBXFileReference; lastKnownFileType = sourcecode.swift; path = AppDelegate.swift; sourceTree = "<group>"; };
		01419A8921EFE14000600DB9 /* WelcomeVC.swift */ = {isa = PBXFileReference; lastKnownFileType = sourcecode.swift; path = WelcomeVC.swift; sourceTree = "<group>"; };
		01419A8C21EFE14000600DB9 /* Base */ = {isa = PBXFileReference; lastKnownFileType = file.storyboard; name = Base; path = Base.lproj/Main.storyboard; sourceTree = "<group>"; };
		01419A8E21EFE14200600DB9 /* Assets.xcassets */ = {isa = PBXFileReference; lastKnownFileType = folder.assetcatalog; path = Assets.xcassets; sourceTree = "<group>"; };
		01419A9121EFE14200600DB9 /* Base */ = {isa = PBXFileReference; lastKnownFileType = file.storyboard; name = Base; path = Base.lproj/LaunchScreen.storyboard; sourceTree = "<group>"; };
		01419A9321EFE14200600DB9 /* Info.plist */ = {isa = PBXFileReference; lastKnownFileType = text.plist.xml; path = Info.plist; sourceTree = "<group>"; };
		01419A9A21EFE71800600DB9 /* BorderButton.swift */ = {isa = PBXFileReference; lastKnownFileType = sourcecode.swift; path = BorderButton.swift; sourceTree = "<group>"; };
		01F371F321F78F7E004D2507 /* LeagueVC.swift */ = {isa = PBXFileReference; lastKnownFileType = sourcecode.swift; path = LeagueVC.swift; sourceTree = "<group>"; };
		01F371F521F78F8C004D2507 /* SkillVC.swift */ = {isa = PBXFileReference; lastKnownFileType = sourcecode.swift; path = SkillVC.swift; sourceTree = "<group>"; };
/* End PBXFileReference section */

/* Begin PBXFrameworksBuildPhase section */
		01419A8121EFE14000600DB9 /* Frameworks */ = {
			isa = PBXFrameworksBuildPhase;
			buildActionMask = 2147483647;
			files = (
			);
			runOnlyForDeploymentPostprocessing = 0;
		};
/* End PBXFrameworksBuildPhase section */

/* Begin PBXGroup section */
		01419A7B21EFE14000600DB9 = {
			isa = PBXGroup;
			children = (
				01419A8621EFE14000600DB9 /* app-swoosh-devslopes */,
				01419A8521EFE14000600DB9 /* Products */,
			);
			sourceTree = "<group>";
		};
		01419A8521EFE14000600DB9 /* Products */ = {
			isa = PBXGroup;
			children = (
				01419A8421EFE14000600DB9 /* app-swoosh-devslopes.app */,
			);
			name = Products;
			sourceTree = "<group>";
		};
		01419A8621EFE14000600DB9 /* app-swoosh-devslopes */ = {
			isa = PBXGroup;
			children = (
				01F371F221F78ED2004D2507 /* Model */,
				01F371F121F78EC7004D2507 /* Controller */,
				01419A9921EFE6B500600DB9 /* View */,
				01419A8721EFE14000600DB9 /* AppDelegate.swift */,
				01419A8B21EFE14000600DB9 /* Main.storyboard */,
				01419A8E21EFE14200600DB9 /* Assets.xcassets */,
				01419A9021EFE14200600DB9 /* LaunchScreen.storyboard */,
				01419A9321EFE14200600DB9 /* Info.plist */,
			);
			path = "app-swoosh-devslopes";
			sourceTree = "<group>";
		};
		01419A9921EFE6B500600DB9 /* View */ = {
			isa = PBXGroup;
			children = (
				01419A9A21EFE71800600DB9 /* BorderButton.swift */,
			);
			path = View;
			sourceTree = "<group>";
		};
		01F371F121F78EC7004D2507 /* Controller */ = {
			isa = PBXGroup;
			children = (
				01419A8921EFE14000600DB9 /* WelcomeVC.swift */,
				01F371F521F78F8C004D2507 /* SkillVC.swift */,
				01F371F321F78F7E004D2507 /* LeagueVC.swift */,
			);
			path = Controller;
			sourceTree = "<group>";
		};
		01F371F221F78ED2004D2507 /* Model */ = {
			isa = PBXGroup;
			children = (
			);
			path = Model;
			sourceTree = "<group>";
		};
/* End PBXGroup section */

/* Begin PBXNativeTarget section */
		01419A8321EFE14000600DB9 /* app-swoosh-devslopes */ = {
			isa = PBXNativeTarget;
			buildConfigurationList = 01419A9621EFE14200600DB9 /* Build configuration list for PBXNativeTarget "app-swoosh-devslopes" */;
			buildPhases = (
				01419A8021EFE14000600DB9 /* Sources */,
				01419A8121EFE14000600DB9 /* Frameworks */,
				01419A8221EFE14000600DB9 /* Resources */,
			);
			buildRules = (
			);
			dependencies = (
			);
			name = "app-swoosh-devslopes";
			productName = "app-swoosh-devslopes";
			productReference = 01419A8421EFE14000600DB9 /* app-swoosh-devslopes.app */;
			productType = "com.apple.product-type.application";
		};
/* End PBXNativeTarget section */

/* Begin PBXProject section */
		01419A7C21EFE14000600DB9 /* Project object */ = {
			isa = PBXProject;
			attributes = {
				LastSwiftUpdateCheck = 1010;
				LastUpgradeCheck = 1010;
				ORGANIZATIONNAME = "Michael Czarnecki";
				TargetAttributes = {
					01419A8321EFE14000600DB9 = {
						CreatedOnToolsVersion = 10.1;
					};
				};
			};
			buildConfigurationList = 01419A7F21EFE14000600DB9 /* Build configuration list for PBXProject "app-swoosh-devslopes" */;
			compatibilityVersion = "Xcode 9.3";
			developmentRegion = en;
			hasScannedForEncodings = 0;
			knownRegions = (
				en,
				Base,
			);
			mainGroup = 01419A7B21EFE14000600DB9;
			productRefGroup = 01419A8521EFE14000600DB9 /* Products */;
			projectDirPath = "";
			projectRoot = "";
			targets = (
				01419A8321EFE14000600DB9 /* app-swoosh-devslopes */,
			);
		};
/* End PBXProject section */

/* Begin PBXResourcesBuildPhase section */
		01419A8221EFE14000600DB9 /* Resources */ = {
			isa = PBXResourcesBuildPhase;
			buildActionMask = 2147483647;
			files = (
				01419A9221EFE14200600DB9 /* LaunchScreen.storyboard in Resources */,
				01419A8F21EFE14200600DB9 /* Assets.xcassets in Resources */,
				01419A8D21EFE14000600DB9 /* Main.storyboard in Resources */,
			);
			runOnlyForDeploymentPostprocessing = 0;
		};
/* End PBXResourcesBuildPhase section */

/* Begin PBXSourcesBuildPhase section */
		01419A8021EFE14000600DB9 /* Sources */ = {
			isa = PBXSourcesBuildPhase;
			buildActionMask = 2147483647;
			files = (
				01419A8A21EFE14000600DB9 /* WelcomeVC.swift in Sources */,
				01F371F421F78F7E004D2507 /* LeagueVC.swift in Sources */,
				01419A8821EFE14000600DB9 /* AppDelegate.swift in Sources */,
				01F371F621F78F8C004D2507 /* SkillVC.swift in Sources */,
				01419A9B21EFE71800600DB9 /* BorderButton.swift in Sources */,
			);
			runOnlyForDeploymentPostprocessing = 0;
		};
/* End PBXSourcesBuildPhase section */

/* Begin PBXVariantGroup section */
		01419A8B21EFE14000600DB9 /* Main.storyboard */ = {
			isa = PBXVariantGroup;
			children = (
				01419A8C21EFE14000600DB9 /* Base */,
			);
			name = Main.storyboard;
			sourceTree = "<group>";
		};
		01419A9021EFE14200600DB9 /* LaunchScreen.storyboard */ = {
			isa = PBXVariantGroup;
			children = (
				01419A9121EFE14200600DB9 /* Base */,
			);
			name = LaunchScreen.storyboard;
			sourceTree = "<group>";
		};
/* End PBXVariantGroup section */

/* Begin XCBuildConfiguration section */
		01419A9421EFE14200600DB9 /* Debug */ = {
			isa = XCBuildConfiguration;
			buildSettings = {
				ALWAYS_SEARCH_USER_PATHS = NO;
				CLANG_ANALYZER_NONNULL = YES;
				CLANG_ANALYZER_NUMBER_OBJECT_CONVERSION = YES_AGGRESSIVE;
				CLANG_CXX_LANGUAGE_STANDARD = "gnu++14";
				CLANG_CXX_LIBRARY = "libc++";
				CLANG_ENABLE_MODULES = YES;
				CLANG_ENABLE_OBJC_ARC = YES;
				CLANG_ENABLE_OBJC_WEAK = YES;
				CLANG_WARN_BLOCK_CAPTURE_AUTORELEASING = YES;
				CLANG_WARN_BOOL_CONVERSION = YES;
				CLANG_WARN_COMMA = YES;
				CLANG_WARN_CONSTANT_CONVERSION = YES;
				CLANG_WARN_DEPRECATED_OBJC_IMPLEMENTATIONS = YES;
				CLANG_WARN_DIRECT_OBJC_ISA_USAGE = YES_ERROR;
				CLANG_WARN_DOCUMENTATION_COMMENTS = YES;
				CLANG_WARN_EMPTY_BODY = YES;
				CLANG_WARN_ENUM_CONVERSION = YES;
				CLANG_WARN_INFINITE_RECURSION = YES;
				CLANG_WARN_INT_CONVERSION = YES;
				CLANG_WARN_NON_LITERAL_NULL_CONVERSION = YES;
				CLANG_WARN_OBJC_IMPLICIT_RETAIN_SELF = YES;
				CLANG_WARN_OBJC_LITERAL_CONVERSION = YES;
				CLANG_WARN_OBJC_ROOT_CLASS = YES_ERROR;
				CLANG_WARN_RANGE_LOOP_ANALYSIS = YES;
				CLANG_WARN_STRICT_PROTOTYPES = YES;
				CLANG_WARN_SUSPICIOUS_MOVE = YES;
				CLANG_WARN_UNGUARDED_AVAILABILITY = YES_AGGRESSIVE;
				CLANG_WARN_UNREACHABLE_CODE = YES;
				CLANG_WARN__DUPLICATE_METHOD_MATCH = YES;
				CODE_SIGN_IDENTITY = "iPhone Developer";
				COPY_PHASE_STRIP = NO;
				DEBUG_INFORMATION_FORMAT = dwarf;
				ENABLE_STRICT_OBJC_MSGSEND = YES;
				ENABLE_TESTABILITY = YES;
				GCC_C_LANGUAGE_STANDARD = gnu11;
				GCC_DYNAMIC_NO_PIC = NO;
				GCC_NO_COMMON_BLOCKS = YES;
				GCC_OPTIMIZATION_LEVEL = 0;
				GCC_PREPROCESSOR_DEFINITIONS = (
					"DEBUG=1",
					"$(inherited)",
				);
				GCC_WARN_64_TO_32_BIT_CONVERSION = YES;
				GCC_WARN_ABOUT_RETURN_TYPE = YES_ERROR;
				GCC_WARN_UNDECLARED_SELECTOR = YES;
				GCC_WARN_UNINITIALIZED_AUTOS = YES_AGGRESSIVE;
				GCC_WARN_UNUSED_FUNCTION = YES;
				GCC_WARN_UNUSED_VARIABLE = YES;
				IPHONEOS_DEPLOYMENT_TARGET = 12.1;
				MTL_ENABLE_DEBUG_INFO = INCLUDE_SOURCE;
				MTL_FAST_MATH = YES;
				ONLY_ACTIVE_ARCH = YES;
				SDKROOT = iphoneos;
				SWIFT_ACTIVE_COMPILATION_CONDITIONS = DEBUG;
				SWIFT_OPTIMIZATION_LEVEL = "-Onone";
			};
			name = Debug;
		};
		01419A9521EFE14200600DB9 /* Release */ = {
			isa = XCBuildConfiguration;
			buildSettings = {
				ALWAYS_SEARCH_USER_PATHS = NO;
				CLANG_ANALYZER_NONNULL = YES;
				CLANG_ANALYZER_NUMBER_OBJECT_CONVERSION = YES_AGGRESSIVE;
				CLANG_CXX_LANGUAGE_STANDARD = "gnu++14";
				CLANG_CXX_LIBRARY = "libc++";
				CLANG_ENABLE_MODULES = YES;
				CLANG_ENABLE_OBJC_ARC = YES;
				CLANG_ENABLE_OBJC_WEAK = YES;
				CLANG_WARN_BLOCK_CAPTURE_AUTORELEASING = YES;
				CLANG_WARN_BOOL_CONVERSION = YES;
				CLANG_WARN_COMMA = YES;
				CLANG_WARN_CONSTANT_CONVERSION = YES;
				CLANG_WARN_DEPRECATED_OBJC_IMPLEMENTATIONS = YES;
				CLANG_WARN_DIRECT_OBJC_ISA_USAGE = YES_ERROR;
				CLANG_WARN_DOCUMENTATION_COMMENTS = YES;
				CLANG_WARN_EMPTY_BODY = YES;
				CLANG_WARN_ENUM_CONVERSION = YES;
				CLANG_WARN_INFINITE_RECURSION = YES;
				CLANG_WARN_INT_CONVERSION = YES;
				CLANG_WARN_NON_LITERAL_NULL_CONVERSION = YES;
				CLANG_WARN_OBJC_IMPLICIT_RETAIN_SELF = YES;
				CLANG_WARN_OBJC_LITERAL_CONVERSION = YES;
				CLANG_WARN_OBJC_ROOT_CLASS = YES_ERROR;
				CLANG_WARN_RANGE_LOOP_ANALYSIS = YES;
				CLANG_WARN_STRICT_PROTOTYPES = YES;
				CLANG_WARN_SUSPICIOUS_MOVE = YES;
				CLANG_WARN_UNGUARDED_AVAILABILITY = YES_AGGRESSIVE;
				CLANG_WARN_UNREACHABLE_CODE = YES;
				CLANG_WARN__DUPLICATE_METHOD_MATCH = YES;
				CODE_SIGN_IDENTITY = "iPhone Developer";
				COPY_PHASE_STRIP = NO;
				DEBUG_INFORMATION_FORMAT = "dwarf-with-dsym";
				ENABLE_NS_ASSERTIONS = NO;
				ENABLE_STRICT_OBJC_MSGSEND = YES;
				GCC_C_LANGUAGE_STANDARD = gnu11;
				GCC_NO_COMMON_BLOCKS = YES;
				GCC_WARN_64_TO_32_BIT_CONVERSION = YES;
				GCC_WARN_ABOUT_RETURN_TYPE = YES_ERROR;
				GCC_WARN_UNDECLARED_SELECTOR = YES;
				GCC_WARN_UNINITIALIZED_AUTOS = YES_AGGRESSIVE;
				GCC_WARN_UNUSED_FUNCTION = YES;
				GCC_WARN_UNUSED_VARIABLE = YES;
				IPHONEOS_DEPLOYMENT_TARGET = 12.1;
				MTL_ENABLE_DEBUG_INFO = NO;
				MTL_FAST_MATH = YES;
				SDKROOT = iphoneos;
				SWIFT_COMPILATION_MODE = wholemodule;
				SWIFT_OPTIMIZATION_LEVEL = "-O";
				VALIDATE_PRODUCT = YES;
			};
			name = Release;
		};
		01419A9721EFE14200600DB9 /* Debug */ = {
			isa = XCBuildConfiguration;
			buildSettings = {
				ASSETCATALOG_COMPILER_APPICON_NAME = AppIcon;
				CODE_SIGN_STYLE = Automatic;
				DEVELOPMENT_TEAM = 2DMZ6FCNYM;
				INFOPLIST_FILE = "app-swoosh-devslopes/Info.plist";
				LD_RUNPATH_SEARCH_PATHS = (
					"$(inherited)",
					"@executable_path/Frameworks",
				);
				PRODUCT_BUNDLE_IDENTIFIER = "com.michaelczarnecki.app-swoosh-devslopes";
				PRODUCT_NAME = "$(TARGET_NAME)";
				SWIFT_VERSION = 4.2;
				TARGETED_DEVICE_FAMILY = "1,2";
			};
			name = Debug;
		};
		01419A9821EFE14200600DB9 /* Release */ = {
			isa = XCBuildConfiguration;
			buildSettings = {
				ASSETCATALOG_COMPILER_APPICON_NAME = AppIcon;
				CODE_SIGN_STYLE = Automatic;
				DEVELOPMENT_TEAM = 2DMZ6FCNYM;
				INFOPLIST_FILE = "app-swoosh-devslopes/Info.plist";
				LD_RUNPATH_SEARCH_PATHS = (
					"$(inherited)",
					"@executable_path/Frameworks",
				);
				PRODUCT_BUNDLE_IDENTIFIER = "com.michaelczarnecki.app-swoosh-devslopes";
				PRODUCT_NAME = "$(TARGET_NAME)";
				SWIFT_VERSION = 4.2;
				TARGETED_DEVICE_FAMILY = "1,2";
			};
			name = Release;
		};
/* End XCBuildConfiguration section */

/* Begin XCConfigurationList section */
		01419A7F21EFE14000600DB9 /* Build configuration list for PBXProject "app-swoosh-devslopes" */ = {
			isa = XCConfigurationList;
			buildConfigurations = (
				01419A9421EFE14200600DB9 /* Debug */,
				01419A9521EFE14200600DB9 /* Release */,
			);
			defaultConfigurationIsVisible = 0;
			defaultConfigurationName = Release;
		};
		01419A9621EFE14200600DB9 /* Build configuration list for PBXNativeTarget "app-swoosh-devslopes" */ = {
			isa = XCConfigurationList;
			buildConfigurations = (
				01419A9721EFE14200600DB9 /* Debug */,
				01419A9821EFE14200600DB9 /* Release */,
			);
			defaultConfigurationIsVisible = 0;
			defaultConfigurationName = Release;
		};
/* End XCConfigurationList section */
	};
	rootObject = 01419A7C21EFE14000600DB9 /* Project object */;
}
